
Microsoft Visual Studio Solution File, Format Version 12.00
# Visual Studio Version 17
VisualStudioVersion = 17.5.002.0
MinimumVisualStudioVersion = 10.0.40219.1
Project("{2150E333-8FDC-42A3-9474-1A3956D46DE8}") = "csharp-prep", "csharp-prep", "{2D1892C8-0914-47F1-BFEB-DA55E45DB8A8}"
EndProject
Project("{9A19103F-16F7-4668-BE54-9A1E7A4F7556}") = "Prep1", "csharp-prep\Prep1\Prep1.csproj", "{9306B0D5-DCFC-4BFC-9DBB-B4818C63A63F}"
EndProject
Project("{9A19103F-16F7-4668-BE54-9A1E7A4F7556}") = "Prep2", "csharp-prep\Prep2\Prep2.csproj", "{791347A2-09DB-4692-8F63-EF2CFD472121}"
EndProject
Project("{9A19103F-16F7-4668-BE54-9A1E7A4F7556}") = "Prep3", "csharp-prep\Prep3\Prep3.csproj", "{06D57FC9-18E9-4619-938C-C7763E1FE98C}"
EndProject
Project("{9A19103F-16F7-4668-BE54-9A1E7A4F7556}") = "Prep4", "csharp-prep\Prep4\Prep4.csproj", "{69150BE2-9FB7-4000-918D-0358C24EC17F}"
EndProject
Project("{9A19103F-16F7-4668-BE54-9A1E7A4F7556}") = "Prep5", "csharp-prep\Prep5\Prep5.csproj", "{0436652F-D66E-4639-ABD3-C819EF2491C1}"
EndProject
Project("{2150E333-8FDC-42A3-9474-1A3956D46DE8}") = "final", "final", "{68CCFE58-545B-44F8-9A42-75C124D45907}"
EndProject
Project("{9A19103F-16F7-4668-BE54-9A1E7A4F7556}") = "FinalProject", "final\FinalProject\FinalProject.csproj", "{64272B93-5F4E-400A-A5E2-46EF05826EEB}"
EndProject
Project("{9A19103F-16F7-4668-BE54-9A1E7A4F7556}") = "Foundation1", "final\Foundation1\Foundation1.csproj", "{6CEB8FFB-4979-4B8E-BD41-0C9CB25A643C}"
EndProject
Project("{9A19103F-16F7-4668-BE54-9A1E7A4F7556}") = "Foundation2", "final\Foundation2\Foundation2.csproj", "{C4DC56C6-23FB-4B9E-A6D1-6A986CD00EBC}"
EndProject
Project("{9A19103F-16F7-4668-BE54-9A1E7A4F7556}") = "Foundation3", "final\Foundation3\Foundation3.csproj", "{4D43FFDA-41D7-4609-80D8-0EAB5894CAAA}"
EndProject
Project("{9A19103F-16F7-4668-BE54-9A1E7A4F7556}") = "Foundation4", "final\Foundation4\Foundation4.csproj", "{2815E87F-2AA5-45DA-B558-4F05E4145F09}"
EndProject
Project("{2150E333-8FDC-42A3-9474-1A3956D46DE8}") = "prepare", "prepare", "{57EF7825-7E83-45B8-8AEA-A18EDF1B1FDF}"
EndProject
Project("{9A19103F-16F7-4668-BE54-9A1E7A4F7556}") = "Learning02", "prepare\Learning02\Learning02.csproj", "{6230DF6D-4A23-4550-A827-9E32CA1216C6}"
EndProject
Project("{9A19103F-16F7-4668-BE54-9A1E7A4F7556}") = "Learning03", "prepare\Learning03\Learning03.csproj", "{7FBEC5FB-8808-4976-95AF-F89DC7CCCA56}"
EndProject
Project("{9A19103F-16F7-4668-BE54-9A1E7A4F7556}") = "Learning04", "prepare\Learning04\Learning04.csproj", "{953B288D-72D5-4947-9165-92E2F8FA73F8}"
EndProject
Project("{9A19103F-16F7-4668-BE54-9A1E7A4F7556}") = "Learning05", "prepare\Learning05\Learning05.csproj", "{EF67F4BD-4A05-44AA-BBF1-47C155B0C264}"
EndProject
Project("{2150E333-8FDC-42A3-9474-1A3956D46DE8}") = "prove", "prove", "{C621FB3D-C285-45DE-B258-FD97D0B03D30}"
EndProject
Project("{9A19103F-16F7-4668-BE54-9A1E7A4F7556}") = "Develop02", "prove\Develop02\Develop02.csproj", "{38632452-9F99-4D14-8AD5-EA4BF8B6603F}"
EndProject
Project("{9A19103F-16F7-4668-BE54-9A1E7A4F7556}") = "Develop03", "prove\Develop03\Develop03.csproj", "{773C2970-C057-415F-9F12-44DEED658073}"
EndProject
Project("{9A19103F-16F7-4668-BE54-9A1E7A4F7556}") = "Develop04", "prove\Develop04\Develop04.csproj", "{78465C37-8C5A-41FC-99D2-589D6BB360BA}"
EndProject
Project("{9A19103F-16F7-4668-BE54-9A1E7A4F7556}") = "Develop05", "prove\Develop05\Develop05.csproj", "{C128F513-F88A-482B-82D7-D9CAB1CD94F0}"
EndProject
Project("{2150E333-8FDC-42A3-9474-1A3956D46DE8}") = "sandbox", "sandbox", "{06D5880D-8CC4-472E-A136-52C26BA8A72B}"
EndProject
Project("{9A19103F-16F7-4668-BE54-9A1E7A4F7556}") = "Sandbox", "sandbox\Sandbox\Sandbox.csproj", "{B5D3D34D-DFB4-423F-95F3-31B5E725C900}"
EndProject
Global
	GlobalSection(SolutionConfigurationPlatforms) = preSolution
		Debug|Any CPU = Debug|Any CPU
		Release|Any CPU = Release|Any CPU
	EndGlobalSection
	GlobalSection(ProjectConfigurationPlatforms) = postSolution
		{9306B0D5-DCFC-4BFC-9DBB-B4818C63A63F}.Debug|Any CPU.ActiveCfg = Debug|Any CPU
		{9306B0D5-DCFC-4BFC-9DBB-B4818C63A63F}.Debug|Any CPU.Build.0 = Debug|Any CPU
		{9306B0D5-DCFC-4BFC-9DBB-B4818C63A63F}.Release|Any CPU.ActiveCfg = Release|Any CPU
		{9306B0D5-DCFC-4BFC-9DBB-B4818C63A63F}.Release|Any CPU.Build.0 = Release|Any CPU
		{791347A2-09DB-4692-8F63-EF2CFD472121}.Debug|Any CPU.ActiveCfg = Debug|Any CPU
		{791347A2-09DB-4692-8F63-EF2CFD472121}.Debug|Any CPU.Build.0 = Debug|Any CPU
		{791347A2-09DB-4692-8F63-EF2CFD472121}.Release|Any CPU.ActiveCfg = Release|Any CPU
		{791347A2-09DB-4692-8F63-EF2CFD472121}.Release|Any CPU.Build.0 = Release|Any CPU
		{06D57FC9-18E9-4619-938C-C7763E1FE98C}.Debug|Any CPU.ActiveCfg = Debug|Any CPU
		{06D57FC9-18E9-4619-938C-C7763E1FE98C}.Debug|Any CPU.Build.0 = Debug|Any CPU
		{06D57FC9-18E9-4619-938C-C7763E1FE98C}.Release|Any CPU.ActiveCfg = Release|Any CPU
		{06D57FC9-18E9-4619-938C-C7763E1FE98C}.Release|Any CPU.Build.0 = Release|Any CPU
		{69150BE2-9FB7-4000-918D-0358C24EC17F}.Debug|Any CPU.ActiveCfg = Debug|Any CPU
		{69150BE2-9FB7-4000-918D-0358C24EC17F}.Debug|Any CPU.Build.0 = Debug|Any CPU
		{69150BE2-9FB7-4000-918D-0358C24EC17F}.Release|Any CPU.ActiveCfg = Release|Any CPU
		{69150BE2-9FB7-4000-918D-0358C24EC17F}.Release|Any CPU.Build.0 = Release|Any CPU
		{0436652F-D66E-4639-ABD3-C819EF2491C1}.Debug|Any CPU.ActiveCfg = Debug|Any CPU
		{0436652F-D66E-4639-ABD3-C819EF2491C1}.Debug|Any CPU.Build.0 = Debug|Any CPU
		{0436652F-D66E-4639-ABD3-C819EF2491C1}.Release|Any CPU.ActiveCfg = Release|Any CPU
		{0436652F-D66E-4639-ABD3-C819EF2491C1}.Release|Any CPU.Build.0 = Release|Any CPU
		{64272B93-5F4E-400A-A5E2-46EF05826EEB}.Debug|Any CPU.ActiveCfg = Debug|Any CPU
		{64272B93-5F4E-400A-A5E2-46EF05826EEB}.Debug|Any CPU.Build.0 = Debug|Any CPU
		{64272B93-5F4E-400A-A5E2-46EF05826EEB}.Release|Any CPU.ActiveCfg = Release|Any CPU
		{64272B93-5F4E-400A-A5E2-46EF05826EEB}.Release|Any CPU.Build.0 = Release|Any CPU
		{6CEB8FFB-4979-4B8E-BD41-0C9CB25A643C}.Debug|Any CPU.ActiveCfg = Debug|Any CPU
		{6CEB8FFB-4979-4B8E-BD41-0C9CB25A643C}.Debug|Any CPU.Build.0 = Debug|Any CPU
		{6CEB8FFB-4979-4B8E-BD41-0C9CB25A643C}.Release|Any CPU.ActiveCfg = Release|Any CPU
		{6CEB8FFB-4979-4B8E-BD41-0C9CB25A643C}.Release|Any CPU.Build.0 = Release|Any CPU
		{C4DC56C6-23FB-4B9E-A6D1-6A986CD00EBC}.Debug|Any CPU.ActiveCfg = Debug|Any CPU
		{C4DC56C6-23FB-4B9E-A6D1-6A986CD00EBC}.Debug|Any CPU.Build.0 = Debug|Any CPU
		{C4DC56C6-23FB-4B9E-A6D1-6A986CD00EBC}.Release|Any CPU.ActiveCfg = Release|Any CPU
		{C4DC56C6-23FB-4B9E-A6D1-6A986CD00EBC}.Release|Any CPU.Build.0 = Release|Any CPU
		{4D43FFDA-41D7-4609-80D8-0EAB5894CAAA}.Debug|Any CPU.ActiveCfg = Debug|Any CPU
		{4D43FFDA-41D7-4609-80D8-0EAB5894CAAA}.Debug|Any CPU.Build.0 = Debug|Any CPU
		{4D43FFDA-41D7-4609-80D8-0EAB5894CAAA}.Release|Any CPU.ActiveCfg = Release|Any CPU
		{4D43FFDA-41D7-4609-80D8-0EAB5894CAAA}.Release|Any CPU.Build.0 = Release|Any CPU
		{2815E87F-2AA5-45DA-B558-4F05E4145F09}.Debug|Any CPU.ActiveCfg = Debug|Any CPU
		{2815E87F-2AA5-45DA-B558-4F05E4145F09}.Debug|Any CPU.Build.0 = Debug|Any CPU
		{2815E87F-2AA5-45DA-B558-4F05E4145F09}.Release|Any CPU.ActiveCfg = Release|Any CPU
		{2815E87F-2AA5-45DA-B558-4F05E4145F09}.Release|Any CPU.Build.0 = Release|Any CPU
		{6230DF6D-4A23-4550-A827-9E32CA1216C6}.Debug|Any CPU.ActiveCfg = Debug|Any CPU
		{6230DF6D-4A23-4550-A827-9E32CA1216C6}.Debug|Any CPU.Build.0 = Debug|Any CPU
		{6230DF6D-4A23-4550-A827-9E32CA1216C6}.Release|Any CPU.ActiveCfg = Release|Any CPU
		{6230DF6D-4A23-4550-A827-9E32CA1216C6}.Release|Any CPU.Build.0 = Release|Any CPU
		{7FBEC5FB-8808-4976-95AF-F89DC7CCCA56}.Debug|Any CPU.ActiveCfg = Debug|Any CPU
		{7FBEC5FB-8808-4976-95AF-F89DC7CCCA56}.Debug|Any CPU.Build.0 = Debug|Any CPU
		{7FBEC5FB-8808-4976-95AF-F89DC7CCCA56}.Release|Any CPU.ActiveCfg = Release|Any CPU
		{7FBEC5FB-8808-4976-95AF-F89DC7CCCA56}.Release|Any CPU.Build.0 = Release|Any CPU
		{953B288D-72D5-4947-9165-92E2F8FA73F8}.Debug|Any CPU.ActiveCfg = Debug|Any CPU
		{953B288D-72D5-4947-9165-92E2F8FA73F8}.Debug|Any CPU.Build.0 = Debug|Any CPU
		{953B288D-72D5-4947-9165-92E2F8FA73F8}.Release|Any CPU.ActiveCfg = Release|Any CPU
		{953B288D-72D5-4947-9165-92E2F8FA73F8}.Release|Any CPU.Build.0 = Release|Any CPU
		{EF67F4BD-4A05-44AA-BBF1-47C155B0C264}.Debug|Any CPU.ActiveCfg = Debug|Any CPU
		{EF67F4BD-4A05-44AA-BBF1-47C155B0C264}.Debug|Any CPU.Build.0 = Debug|Any CPU
		{EF67F4BD-4A05-44AA-BBF1-47C155B0C264}.Release|Any CPU.ActiveCfg = Release|Any CPU
		{EF67F4BD-4A05-44AA-BBF1-47C155B0C264}.Release|Any CPU.Build.0 = Release|Any CPU
		{38632452-9F99-4D14-8AD5-EA4BF8B6603F}.Debug|Any CPU.ActiveCfg = Debug|Any CPU
		{38632452-9F99-4D14-8AD5-EA4BF8B6603F}.Debug|Any CPU.Build.0 = Debug|Any CPU
		{38632452-9F99-4D14-8AD5-EA4BF8B6603F}.Release|Any CPU.ActiveCfg = Release|Any CPU
		{38632452-9F99-4D14-8AD5-EA4BF8B6603F}.Release|Any CPU.Build.0 = Release|Any CPU
		{773C2970-C057-415F-9F12-44DEED658073}.Debug|Any CPU.ActiveCfg = Debug|Any CPU
		{773C2970-C057-415F-9F12-44DEED658073}.Debug|Any CPU.Build.0 = Debug|Any CPU
		{773C2970-C057-415F-9F12-44DEED658073}.Release|Any CPU.ActiveCfg = Release|Any CPU
		{773C2970-C057-415F-9F12-44DEED658073}.Release|Any CPU.Build.0 = Release|Any CPU
		{78465C37-8C5A-41FC-99D2-589D6BB360BA}.Debug|Any CPU.ActiveCfg = Debug|Any CPU
		{78465C37-8C5A-41FC-99D2-589D6BB360BA}.Debug|Any CPU.Build.0 = Debug|Any CPU
		{78465C37-8C5A-41FC-99D2-589D6BB360BA}.Release|Any CPU.ActiveCfg = Release|Any CPU
		{78465C37-8C5A-41FC-99D2-589D6BB360BA}.Release|Any CPU.Build.0 = Release|Any CPU
		{C128F513-F88A-482B-82D7-D9CAB1CD94F0}.Debug|Any CPU.ActiveCfg = Debug|Any CPU
		{C128F513-F88A-482B-82D7-D9CAB1CD94F0}.Debug|Any CPU.Build.0 = Debug|Any CPU
		{C128F513-F88A-482B-82D7-D9CAB1CD94F0}.Release|Any CPU.ActiveCfg = Release|Any CPU
		{C128F513-F88A-482B-82D7-D9CAB1CD94F0}.Release|Any CPU.Build.0 = Release|Any CPU
		{B5D3D34D-DFB4-423F-95F3-31B5E725C900}.Debug|Any CPU.ActiveCfg = Debug|Any CPU
		{B5D3D34D-DFB4-423F-95F3-31B5E725C900}.Debug|Any CPU.Build.0 = Debug|Any CPU
		{B5D3D34D-DFB4-423F-95F3-31B5E725C900}.Release|Any CPU.ActiveCfg = Release|Any CPU
		{B5D3D34D-DFB4-423F-95F3-31B5E725C900}.Release|Any CPU.Build.0 = Release|Any CPU
	EndGlobalSection
	GlobalSection(SolutionProperties) = preSolution
		HideSolutionNode = FALSE
	EndGlobalSection
	GlobalSection(NestedProjects) = preSolution
		{9306B0D5-DCFC-4BFC-9DBB-B4818C63A63F} = {2D1892C8-0914-47F1-BFEB-DA55E45DB8A8}
		{791347A2-09DB-4692-8F63-EF2CFD472121} = {2D1892C8-0914-47F1-BFEB-DA55E45DB8A8}
		{06D57FC9-18E9-4619-938C-C7763E1FE98C} = {2D1892C8-0914-47F1-BFEB-DA55E45DB8A8}
		{69150BE2-9FB7-4000-918D-0358C24EC17F} = {2D1892C8-0914-47F1-BFEB-DA55E45DB8A8}
		{0436652F-D66E-4639-ABD3-C819EF2491C1} = {2D1892C8-0914-47F1-BFEB-DA55E45DB8A8}
		{64272B93-5F4E-400A-A5E2-46EF05826EEB} = {68CCFE58-545B-44F8-9A42-75C124D45907}
		{6CEB8FFB-4979-4B8E-BD41-0C9CB25A643C} = {68CCFE58-545B-44F8-9A42-75C124D45907}
		{C4DC56C6-23FB-4B9E-A6D1-6A986CD00EBC} = {68CCFE58-545B-44F8-9A42-75C124D45907}
		{4D43FFDA-41D7-4609-80D8-0EAB5894CAAA} = {68CCFE58-545B-44F8-9A42-75C124D45907}
		{2815E87F-2AA5-45DA-B558-4F05E4145F09} = {68CCFE58-545B-44F8-9A42-75C124D45907}
		{6230DF6D-4A23-4550-A827-9E32CA1216C6} = {57EF7825-7E83-45B8-8AEA-A18EDF1B1FDF}
		{7FBEC5FB-8808-4976-95AF-F89DC7CCCA56} = {57EF7825-7E83-45B8-8AEA-A18EDF1B1FDF}
		{953B288D-72D5-4947-9165-92E2F8FA73F8} = {57EF7825-7E83-45B8-8AEA-A18EDF1B1FDF}
		{EF67F4BD-4A05-44AA-BBF1-47C155B0C264} = {57EF7825-7E83-45B8-8AEA-A18EDF1B1FDF}
		{38632452-9F99-4D14-8AD5-EA4BF8B6603F} = {C621FB3D-C285-45DE-B258-FD97D0B03D30}
		{773C2970-C057-415F-9F12-44DEED658073} = {C621FB3D-C285-45DE-B258-FD97D0B03D30}
		{78465C37-8C5A-41FC-99D2-589D6BB360BA} = {C621FB3D-C285-45DE-B258-FD97D0B03D30}
		{C128F513-F88A-482B-82D7-D9CAB1CD94F0} = {C621FB3D-C285-45DE-B258-FD97D0B03D30}
		{B5D3D34D-DFB4-423F-95F3-31B5E725C900} = {06D5880D-8CC4-472E-A136-52C26BA8A72B}
	EndGlobalSection
	GlobalSection(ExtensibilityGlobals) = postSolution
		SolutionGuid = {847B7793-3186-4465-AAAF-061B1FC92D12}
	EndGlobalSection
EndGlobal
